
Microsoft Visual Studio Solution File, Format Version 12.00
# Visual Studio Version 17
VisualStudioVersion = 17.2.32505.173
MinimumVisualStudioVersion = 10.0.40219.1
Project("{9A19103F-16F7-4668-BE54-9A1E7A4F7556}") = "EFCore_DBLibrary", "EFCore_DBLibrary\EFCore_DBLibrary.csproj", "{A09AC95A-7094-47FF-8776-0D0F28E7E298}"
EndProject
Project("{9A19103F-16F7-4668-BE54-9A1E7A4F7556}") = "Activity_1", "Activity_1\Activity_1.csproj", "{06D9AD2C-5692-4A86-99C2-B649D085F62D}"
EndProject
Project("{FAE04EC0-301F-11D3-BF4B-00C04F79EFBC}") = "Scaffolder", "Scaffolder\Scaffolder.csproj", "{F97D8593-C95A-459D-A7AB-7B1A5F689DF6}"
EndProject
Global
	GlobalSection(SolutionConfigurationPlatforms) = preSolution
		Debug|Any CPU = Debug|Any CPU
		Release|Any CPU = Release|Any CPU
	EndGlobalSection
	GlobalSection(ProjectConfigurationPlatforms) = postSolution
		{A09AC95A-7094-47FF-8776-0D0F28E7E298}.Debug|Any CPU.ActiveCfg = Debug|Any CPU
		{A09AC95A-7094-47FF-8776-0D0F28E7E298}.Debug|Any CPU.Build.0 = Debug|Any CPU
		{A09AC95A-7094-47FF-8776-0D0F28E7E298}.Release|Any CPU.ActiveCfg = Release|Any CPU
		{A09AC95A-7094-47FF-8776-0D0F28E7E298}.Release|Any CPU.Build.0 = Release|Any CPU
		{06D9AD2C-5692-4A86-99C2-B649D085F62D}.Debug|Any CPU.ActiveCfg = Debug|Any CPU
		{06D9AD2C-5692-4A86-99C2-B649D085F62D}.Debug|Any CPU.Build.0 = Debug|Any CPU
		{06D9AD2C-5692-4A86-99C2-B649D085F62D}.Release|Any CPU.ActiveCfg = Release|Any CPU
		{06D9AD2C-5692-4A86-99C2-B649D085F62D}.Release|Any CPU.Build.0 = Release|Any CPU
		{F97D8593-C95A-459D-A7AB-7B1A5F689DF6}.Debug|Any CPU.ActiveCfg = Debug|Any CPU
		{F97D8593-C95A-459D-A7AB-7B1A5F689DF6}.Debug|Any CPU.Build.0 = Debug|Any CPU
		{F97D8593-C95A-459D-A7AB-7B1A5F689DF6}.Release|Any CPU.ActiveCfg = Release|Any CPU
		{F97D8593-C95A-459D-A7AB-7B1A5F689DF6}.Release|Any CPU.Build.0 = Release|Any CPU
	EndGlobalSection
	GlobalSection(SolutionProperties) = preSolution
		HideSolutionNode = FALSE
	EndGlobalSection
	GlobalSection(ExtensibilityGlobals) = postSolution
		SolutionGuid = {F85FA137-D8E3-42CC-AC50-58D8101A5B0C}
	EndGlobalSection
EndGlobal
