
Microsoft Visual Studio Solution File, Format Version 12.00
# Visual Studio Version 17
VisualStudioVersion = 17.2.32505.173
MinimumVisualStudioVersion = 10.0.40219.1
Project("{9A19103F-16F7-4668-BE54-9A1E7A4F7556}") = "EFCore_DBLibrary", "EFCore_DBLibrary\EFCore_DBLibrary.csproj", "{85F108B0-3215-4033-B05B-C719CB6AED0B}"
EndProject
Project("{9A19103F-16F7-4668-BE54-9A1E7A4F7556}") = "InventoryModels", "InventoryModels\InventoryModels.csproj", "{5E98AB65-F7E5-4489-A5CF-DE7AFBCEDA15}"
EndProject
Project("{9A19103F-16F7-4668-BE54-9A1E7A4F7556}") = "InventoryHelpers", "InventoryHelpers\InventoryHelpers.csproj", "{7DDF6FB4-7511-49D3-B352-35315E81CB1B}"
EndProject
Project("{9A19103F-16F7-4668-BE54-9A1E7A4F7556}") = "InventoryDataMigrator", "InventoryDataMigrator\InventoryDataMigrator.csproj", "{FF861705-24E5-4F2E-B0BA-79E33B92441D}"
EndProject
Project("{9A19103F-16F7-4668-BE54-9A1E7A4F7556}") = "Activity_1", "Activity_1\Activity_1.csproj", "{5D2AE570-C517-4CB7-BBA2-900DA46B1D28}"
EndProject
Project("{9A19103F-16F7-4668-BE54-9A1E7A4F7556}") = "InventoryDatabaseLayer", "InventoryDatabaseLayer\InventoryDatabaseLayer.csproj", "{7F935806-1EDE-4D3D-B985-53CA8E88407B}"
EndProject
Project("{FAE04EC0-301F-11D3-BF4B-00C04F79EFBC}") = "InventoryBusinessLayer", "InventoryBusinessLayer\InventoryBusinessLayer.csproj", "{4F4CF1AF-4800-41A4-AEF1-7A893A09AEE5}"
EndProject
Global
	GlobalSection(SolutionConfigurationPlatforms) = preSolution
		Debug|Any CPU = Debug|Any CPU
		Release|Any CPU = Release|Any CPU
	EndGlobalSection
	GlobalSection(ProjectConfigurationPlatforms) = postSolution
		{85F108B0-3215-4033-B05B-C719CB6AED0B}.Debug|Any CPU.ActiveCfg = Debug|Any CPU
		{85F108B0-3215-4033-B05B-C719CB6AED0B}.Debug|Any CPU.Build.0 = Debug|Any CPU
		{85F108B0-3215-4033-B05B-C719CB6AED0B}.Release|Any CPU.ActiveCfg = Release|Any CPU
		{85F108B0-3215-4033-B05B-C719CB6AED0B}.Release|Any CPU.Build.0 = Release|Any CPU
		{5E98AB65-F7E5-4489-A5CF-DE7AFBCEDA15}.Debug|Any CPU.ActiveCfg = Debug|Any CPU
		{5E98AB65-F7E5-4489-A5CF-DE7AFBCEDA15}.Debug|Any CPU.Build.0 = Debug|Any CPU
		{5E98AB65-F7E5-4489-A5CF-DE7AFBCEDA15}.Release|Any CPU.ActiveCfg = Release|Any CPU
		{5E98AB65-F7E5-4489-A5CF-DE7AFBCEDA15}.Release|Any CPU.Build.0 = Release|Any CPU
		{7DDF6FB4-7511-49D3-B352-35315E81CB1B}.Debug|Any CPU.ActiveCfg = Debug|Any CPU
		{7DDF6FB4-7511-49D3-B352-35315E81CB1B}.Debug|Any CPU.Build.0 = Debug|Any CPU
		{7DDF6FB4-7511-49D3-B352-35315E81CB1B}.Release|Any CPU.ActiveCfg = Release|Any CPU
		{7DDF6FB4-7511-49D3-B352-35315E81CB1B}.Release|Any CPU.Build.0 = Release|Any CPU
		{FF861705-24E5-4F2E-B0BA-79E33B92441D}.Debug|Any CPU.ActiveCfg = Debug|Any CPU
		{FF861705-24E5-4F2E-B0BA-79E33B92441D}.Debug|Any CPU.Build.0 = Debug|Any CPU
		{FF861705-24E5-4F2E-B0BA-79E33B92441D}.Release|Any CPU.ActiveCfg = Release|Any CPU
		{FF861705-24E5-4F2E-B0BA-79E33B92441D}.Release|Any CPU.Build.0 = Release|Any CPU
		{5D2AE570-C517-4CB7-BBA2-900DA46B1D28}.Debug|Any CPU.ActiveCfg = Debug|Any CPU
		{5D2AE570-C517-4CB7-BBA2-900DA46B1D28}.Debug|Any CPU.Build.0 = Debug|Any CPU
		{5D2AE570-C517-4CB7-BBA2-900DA46B1D28}.Release|Any CPU.ActiveCfg = Release|Any CPU
		{5D2AE570-C517-4CB7-BBA2-900DA46B1D28}.Release|Any CPU.Build.0 = Release|Any CPU
		{7F935806-1EDE-4D3D-B985-53CA8E88407B}.Debug|Any CPU.ActiveCfg = Debug|Any CPU
		{7F935806-1EDE-4D3D-B985-53CA8E88407B}.Debug|Any CPU.Build.0 = Debug|Any CPU
		{7F935806-1EDE-4D3D-B985-53CA8E88407B}.Release|Any CPU.ActiveCfg = Release|Any CPU
		{7F935806-1EDE-4D3D-B985-53CA8E88407B}.Release|Any CPU.Build.0 = Release|Any CPU
		{4F4CF1AF-4800-41A4-AEF1-7A893A09AEE5}.Debug|Any CPU.ActiveCfg = Debug|Any CPU
		{4F4CF1AF-4800-41A4-AEF1-7A893A09AEE5}.Debug|Any CPU.Build.0 = Debug|Any CPU
		{4F4CF1AF-4800-41A4-AEF1-7A893A09AEE5}.Release|Any CPU.ActiveCfg = Release|Any CPU
		{4F4CF1AF-4800-41A4-AEF1-7A893A09AEE5}.Release|Any CPU.Build.0 = Release|Any CPU
	EndGlobalSection
	GlobalSection(SolutionProperties) = preSolution
		HideSolutionNode = FALSE
	EndGlobalSection
	GlobalSection(ExtensibilityGlobals) = postSolution
		SolutionGuid = {B3329276-7592-42F7-87FA-F397658BD59F}
	EndGlobalSection
EndGlobal
