
Microsoft Visual Studio Solution File, Format Version 12.00
# Visual Studio Version 16
VisualStudioVersion = 16.0.31321.278
MinimumVisualStudioVersion = 10.0.40219.1
Project("{FAE04EC0-301F-11D3-BF4B-00C04F79EFBC}") = "EFCore_Activity1002", "EFCore_Activity1002\EFCore_Activity1002.csproj", "{CE377B76-DBA5-4FF5-A988-36EC0A83FED1}"
EndProject
Project("{9A19103F-16F7-4668-BE54-9A1E7A4F7556}") = "EFCore_DBLibrary", "EFCore_DBLibrary\EFCore_DBLibrary.csproj", "{69FBD510-4A13-484E-BF7D-B95B3A1D2605}"
EndProject
Project("{9A19103F-16F7-4668-BE54-9A1E7A4F7556}") = "InventoryHelpers", "InventoryHelpers\InventoryHelpers.csproj", "{A780F9EE-31C1-4C19-9B35-55C7B671C4FF}"
EndProject
Global
	GlobalSection(SolutionConfigurationPlatforms) = preSolution
		Debug|Any CPU = Debug|Any CPU
		Release|Any CPU = Release|Any CPU
	EndGlobalSection
	GlobalSection(ProjectConfigurationPlatforms) = postSolution
		{CE377B76-DBA5-4FF5-A988-36EC0A83FED1}.Debug|Any CPU.ActiveCfg = Debug|Any CPU
		{CE377B76-DBA5-4FF5-A988-36EC0A83FED1}.Debug|Any CPU.Build.0 = Debug|Any CPU
		{CE377B76-DBA5-4FF5-A988-36EC0A83FED1}.Release|Any CPU.ActiveCfg = Release|Any CPU
		{CE377B76-DBA5-4FF5-A988-36EC0A83FED1}.Release|Any CPU.Build.0 = Release|Any CPU
		{69FBD510-4A13-484E-BF7D-B95B3A1D2605}.Debug|Any CPU.ActiveCfg = Debug|Any CPU
		{69FBD510-4A13-484E-BF7D-B95B3A1D2605}.Debug|Any CPU.Build.0 = Debug|Any CPU
		{69FBD510-4A13-484E-BF7D-B95B3A1D2605}.Release|Any CPU.ActiveCfg = Release|Any CPU
		{69FBD510-4A13-484E-BF7D-B95B3A1D2605}.Release|Any CPU.Build.0 = Release|Any CPU
		{A780F9EE-31C1-4C19-9B35-55C7B671C4FF}.Debug|Any CPU.ActiveCfg = Debug|Any CPU
		{A780F9EE-31C1-4C19-9B35-55C7B671C4FF}.Debug|Any CPU.Build.0 = Debug|Any CPU
		{A780F9EE-31C1-4C19-9B35-55C7B671C4FF}.Release|Any CPU.ActiveCfg = Release|Any CPU
		{A780F9EE-31C1-4C19-9B35-55C7B671C4FF}.Release|Any CPU.Build.0 = Release|Any CPU
	EndGlobalSection
	GlobalSection(SolutionProperties) = preSolution
		HideSolutionNode = FALSE
	EndGlobalSection
	GlobalSection(ExtensibilityGlobals) = postSolution
		SolutionGuid = {B9848E3D-B114-462C-A3B1-538F82B7C776}
	EndGlobalSection
EndGlobal
